<?xml version="1.0" encoding="utf-8"?>
<Project ToolsVersion="4.0" xmlns="http://schemas.microsoft.com/developer/msbuild/2003">
  <ItemGroup>
    <Page Include="ContainerFrame.xaml">
      <Filter>Container</Filter>
    </Page>
    <Page Include="ContainerUI.xaml">
      <Filter>Container</Filter>
    </Page>
    <Page Include="ContainerWindow.xaml">
      <Filter>Container</Filter>
    </Page>
  </ItemGroup>
  <ItemGroup>
    <Midl Include="Container.idl">
      <Filter>Container</Filter>
    </Midl>
    <Midl Include="ContainerFrame.idl">
      <Filter>Container</Filter>
    </Midl>
    <Midl Include="ContainerUI.idl">
      <Filter>Container</Filter>
    </Midl>
    <Midl Include="ContainerWindow.idl">
      <Filter>Container</Filter>
    </Midl>
  </ItemGroup>
  <ItemGroup>
    <ClCompile Include="$(GeneratedFilesDir)module.g.cpp">
      <Filter>Projects</Filter>
    </ClCompile>
    <ClCompile Include="pch.cpp">
      <Filter>Projects</Filter>
    </ClCompile>
    <ClCompile Include="ActivationFactory.cpp">
      <Filter>Container\Helper</Filter>
    </ClCompile>
  </ItemGroup>
  <ItemGroup>
    <Image Include="Assets\Wide310x150Logo.scale-200.png">
      <Filter>Assets</Filter>
    </Image>
    <Image Include="Assets\StoreLogo.png">
      <Filter>Assets</Filter>
    </Image>
    <Image Include="Assets\Square150x150Logo.scale-200.png">
      <Filter>Assets</Filter>
    </Image>
    <Image Include="Assets\Square44x44Logo.targetsize-24_altform-unplated.png">
      <Filter>Assets</Filter>
    </Image>
    <Image Include="Assets\Square44x44Logo.scale-200.png">
      <Filter>Assets</Filter>
    </Image>
    <Image Include="Assets\SplashScreen.scale-200.png">
      <Filter>Assets</Filter>
    </Image>
    <Image Include="Assets\LockScreenLogo.scale-200.png">
      <Filter>Assets</Filter>
    </Image>
  </ItemGroup>
  <ItemGroup>
    <Filter Include="Assets">
      <UniqueIdentifier>{66cc3679-67b0-4866-8ade-13053bb5e125}</UniqueIdentifier>
    </Filter>
    <Filter Include="Projects">
      <UniqueIdentifier>{1b50811d-5432-4cbd-8aa8-2932cd73d616}</UniqueIdentifier>
    </Filter>
    <Filter Include="Container">
      <UniqueIdentifier>{bfc30bce-da01-4e02-99a0-59c3a9e55374}</UniqueIdentifier>
    </Filter>
    <Filter Include="Runtime Class">
      <UniqueIdentifier>{e1d6730d-cf21-4f00-946d-267db3cd9f28}</UniqueIdentifier>
    </Filter>
    <Filter Include="Container\Helper">
      <UniqueIdentifier>{eda960a6-6ef4-44d9-b124-34a8a0e403e0}</UniqueIdentifier>
    </Filter>
  </ItemGroup>
  <ItemGroup>
    <Manifest Include="app.manifest">
      <Filter>Projects</Filter>
    </Manifest>
  </ItemGroup>
  <ItemGroup>
    <None Include="packages.config">
      <Filter>Projects</Filter>
    </None>
    <None Include="PropertySheet.props">
      <Filter>Projects</Filter>
    </None>
  </ItemGroup>
  <ItemGroup>
    <ClInclude Include="pch.h">
      <Filter>Projects</Filter>
    </ClInclude>
    <ClInclude Include="ActivationClass.h">
      <Filter>Container\Helper</Filter>
    </ClInclude>
  </ItemGroup>
  <ItemGroup>
    <ApplicationDefinition Include="Container.xaml">
      <Filter>Container</Filter>
    </ApplicationDefinition>
  </ItemGroup>
</Project>