
Microsoft Visual Studio Solution File, Format Version 12.00
# Visual Studio Version 17
VisualStudioVersion = 17.1.32421.90
MinimumVisualStudioVersion = 10.0.40219.1
Project("{8BC9CEB8-8B4A-11D0-8D11-00A0C91BC942}") = "HV3DHEADER", "HV3DHEADER\HV3DHEADER.vcxproj", "{8783709A-B43B-4422-ADEF-139C91DF80B6}"
	ProjectSection(ProjectDependencies) = postProject
		{71421F8C-E4F1-4EA1-B9F1-32DC0C969358} = {71421F8C-E4F1-4EA1-B9F1-32DC0C969358}
	EndProjectSection
EndProject
Project("{8BC9CEB8-8B4A-11D0-8D11-00A0C91BC942}") = "HV3DDUALITY", "HV3DDUALITY\HV3DDUALITY.vcxproj", "{71421F8C-E4F1-4EA1-B9F1-32DC0C969358}"
EndProject
Project("{8BC9CEB8-8B4A-11D0-8D11-00A0C91BC942}") = "PeregrineX12", "PeregrineX12\PeregrineX12.vcxproj", "{273D686F-589A-4445-BF30-C2C1BDA4D663}"
	ProjectSection(ProjectDependencies) = postProject
		{71421F8C-E4F1-4EA1-B9F1-32DC0C969358} = {71421F8C-E4F1-4EA1-B9F1-32DC0C969358}
	EndProjectSection
EndProject
Project("{8BC9CEB8-8B4A-11D0-8D11-00A0C91BC942}") = "DUALITY", "DUALITY\DUALITY.vcxproj", "{E40629A5-FA19-47B3-B834-F7336BDAE612}"
	ProjectSection(ProjectDependencies) = postProject
		{273D686F-589A-4445-BF30-C2C1BDA4D663} = {273D686F-589A-4445-BF30-C2C1BDA4D663}
		{71421F8C-E4F1-4EA1-B9F1-32DC0C969358} = {71421F8C-E4F1-4EA1-B9F1-32DC0C969358}
		{8783709A-B43B-4422-ADEF-139C91DF80B6} = {8783709A-B43B-4422-ADEF-139C91DF80B6}
	EndProjectSection
EndProject
Project("{8BC9CEB8-8B4A-11D0-8D11-00A0C91BC942}") = "HV3DCmdShell", "HV3DCmdShell\HV3DCmdShell.vcxproj", "{EFB91E92-31A1-4863-A2B4-45868A8D5CBA}"
	ProjectSection(ProjectDependencies) = postProject
		{71421F8C-E4F1-4EA1-B9F1-32DC0C969358} = {71421F8C-E4F1-4EA1-B9F1-32DC0C969358}
	EndProjectSection
EndProject
Project("{8BC9CEB8-8B4A-11D0-8D11-00A0C91BC942}") = "HV3DCoordSpace", "HV3DCoordSpace\HV3DCoordSpace.vcxproj", "{E31E5F00-0390-4E30-BDF7-A96620C91078}"
	ProjectSection(ProjectDependencies) = postProject
		{71421F8C-E4F1-4EA1-B9F1-32DC0C969358} = {71421F8C-E4F1-4EA1-B9F1-32DC0C969358}
	EndProjectSection
EndProject
Project("{8BC9CEB8-8B4A-11D0-8D11-00A0C91BC942}") = "MassEntropy", "MassEntropy\MassEntropy.vcxproj", "{66CC3679-67B0-4866-8ADE-13053BB5E125}"
	ProjectSection(ProjectDependencies) = postProject
		{E31E5F00-0390-4E30-BDF7-A96620C91078} = {E31E5F00-0390-4E30-BDF7-A96620C91078}
		{273D686F-589A-4445-BF30-C2C1BDA4D663} = {273D686F-589A-4445-BF30-C2C1BDA4D663}
		{71421F8C-E4F1-4EA1-B9F1-32DC0C969358} = {71421F8C-E4F1-4EA1-B9F1-32DC0C969358}
		{EFB91E92-31A1-4863-A2B4-45868A8D5CBA} = {EFB91E92-31A1-4863-A2B4-45868A8D5CBA}
		{8783709A-B43B-4422-ADEF-139C91DF80B6} = {8783709A-B43B-4422-ADEF-139C91DF80B6}
	EndProjectSection
EndProject
Project("{8BC9CEB8-8B4A-11D0-8D11-00A0C91BC942}") = "MetaPhysical", "MetaPhysical\MetaPhysical.vcxproj", "{6C79AAA6-394F-4D64-B555-26CE69F3193D}"
	ProjectSection(ProjectDependencies) = postProject
		{E31E5F00-0390-4E30-BDF7-A96620C91078} = {E31E5F00-0390-4E30-BDF7-A96620C91078}
		{273D686F-589A-4445-BF30-C2C1BDA4D663} = {273D686F-589A-4445-BF30-C2C1BDA4D663}
		{71421F8C-E4F1-4EA1-B9F1-32DC0C969358} = {71421F8C-E4F1-4EA1-B9F1-32DC0C969358}
		{EFB91E92-31A1-4863-A2B4-45868A8D5CBA} = {EFB91E92-31A1-4863-A2B4-45868A8D5CBA}
		{8783709A-B43B-4422-ADEF-139C91DF80B6} = {8783709A-B43B-4422-ADEF-139C91DF80B6}
	EndProjectSection
EndProject
Project("{8BC9CEB8-8B4A-11D0-8D11-00A0C91BC942}") = "PhotonicEVM", "PhotonicEVM\PhotonicEVM.vcxproj", "{77481A13-A50A-472B-9E24-DEB6719DB655}"
	ProjectSection(ProjectDependencies) = postProject
		{E31E5F00-0390-4E30-BDF7-A96620C91078} = {E31E5F00-0390-4E30-BDF7-A96620C91078}
		{273D686F-589A-4445-BF30-C2C1BDA4D663} = {273D686F-589A-4445-BF30-C2C1BDA4D663}
		{71421F8C-E4F1-4EA1-B9F1-32DC0C969358} = {71421F8C-E4F1-4EA1-B9F1-32DC0C969358}
		{EFB91E92-31A1-4863-A2B4-45868A8D5CBA} = {EFB91E92-31A1-4863-A2B4-45868A8D5CBA}
		{8783709A-B43B-4422-ADEF-139C91DF80B6} = {8783709A-B43B-4422-ADEF-139C91DF80B6}
	EndProjectSection
EndProject
Project("{8BC9CEB8-8B4A-11D0-8D11-00A0C91BC942}") = "RFiles", "RFiles\RFiles.vcxproj", "{90CC9142-6933-42E4-839A-5F5FCE6CBC6E}"
	ProjectSection(ProjectDependencies) = postProject
		{E31E5F00-0390-4E30-BDF7-A96620C91078} = {E31E5F00-0390-4E30-BDF7-A96620C91078}
		{71421F8C-E4F1-4EA1-B9F1-32DC0C969358} = {71421F8C-E4F1-4EA1-B9F1-32DC0C969358}
		{EFB91E92-31A1-4863-A2B4-45868A8D5CBA} = {EFB91E92-31A1-4863-A2B4-45868A8D5CBA}
		{8783709A-B43B-4422-ADEF-139C91DF80B6} = {8783709A-B43B-4422-ADEF-139C91DF80B6}
	EndProjectSection
EndProject
Project("{8BC9CEB8-8B4A-11D0-8D11-00A0C91BC942}") = "SmashTopology", "SmashTopology\SmashTopology.vcxproj", "{8EC79C7E-96E4-4E49-8E29-98CD09055CA0}"
	ProjectSection(ProjectDependencies) = postProject
		{E31E5F00-0390-4E30-BDF7-A96620C91078} = {E31E5F00-0390-4E30-BDF7-A96620C91078}
		{273D686F-589A-4445-BF30-C2C1BDA4D663} = {273D686F-589A-4445-BF30-C2C1BDA4D663}
		{71421F8C-E4F1-4EA1-B9F1-32DC0C969358} = {71421F8C-E4F1-4EA1-B9F1-32DC0C969358}
		{EFB91E92-31A1-4863-A2B4-45868A8D5CBA} = {EFB91E92-31A1-4863-A2B4-45868A8D5CBA}
		{8783709A-B43B-4422-ADEF-139C91DF80B6} = {8783709A-B43B-4422-ADEF-139C91DF80B6}
	EndProjectSection
EndProject
Project("{8BC9CEB8-8B4A-11D0-8D11-00A0C91BC942}") = "KernelsST", "KernelsST\KernelsST.vcxproj", "{49EA4E79-73FB-4392-B9A7-1245D99A411B}"
EndProject
Project("{8BC9CEB8-8B4A-11D0-8D11-00A0C91BC942}") = "HV3DMetaDataST", "HV3DMetaDataST\HV3DMetaDataST.vcxproj", "{B636E8D5-FE54-4151-9E03-7B502A64286E}"
EndProject
Global
	GlobalSection(SolutionConfigurationPlatforms) = preSolution
		Debug|arm64 = Debug|arm64
		Debug|x64 = Debug|x64
		Debug|x86 = Debug|x86
		Release|arm64 = Release|arm64
		Release|x64 = Release|x64
		Release|x86 = Release|x86
	EndGlobalSection
	GlobalSection(ProjectConfigurationPlatforms) = postSolution
		{8783709A-B43B-4422-ADEF-139C91DF80B6}.Debug|arm64.ActiveCfg = Debug|arm64
		{8783709A-B43B-4422-ADEF-139C91DF80B6}.Debug|arm64.Build.0 = Debug|arm64
		{8783709A-B43B-4422-ADEF-139C91DF80B6}.Debug|x64.ActiveCfg = Debug|x64
		{8783709A-B43B-4422-ADEF-139C91DF80B6}.Debug|x64.Build.0 = Debug|x64
		{8783709A-B43B-4422-ADEF-139C91DF80B6}.Debug|x86.ActiveCfg = Debug|Win32
		{8783709A-B43B-4422-ADEF-139C91DF80B6}.Debug|x86.Build.0 = Debug|Win32
		{8783709A-B43B-4422-ADEF-139C91DF80B6}.Release|arm64.ActiveCfg = Release|arm64
		{8783709A-B43B-4422-ADEF-139C91DF80B6}.Release|arm64.Build.0 = Release|arm64
		{8783709A-B43B-4422-ADEF-139C91DF80B6}.Release|x64.ActiveCfg = Release|x64
		{8783709A-B43B-4422-ADEF-139C91DF80B6}.Release|x64.Build.0 = Release|x64
		{8783709A-B43B-4422-ADEF-139C91DF80B6}.Release|x86.ActiveCfg = Release|Win32
		{8783709A-B43B-4422-ADEF-139C91DF80B6}.Release|x86.Build.0 = Release|Win32
		{71421F8C-E4F1-4EA1-B9F1-32DC0C969358}.Debug|arm64.ActiveCfg = Debug|arm64
		{71421F8C-E4F1-4EA1-B9F1-32DC0C969358}.Debug|arm64.Build.0 = Debug|arm64
		{71421F8C-E4F1-4EA1-B9F1-32DC0C969358}.Debug|x64.ActiveCfg = Debug|x64
		{71421F8C-E4F1-4EA1-B9F1-32DC0C969358}.Debug|x64.Build.0 = Debug|x64
		{71421F8C-E4F1-4EA1-B9F1-32DC0C969358}.Debug|x86.ActiveCfg = Debug|Win32
		{71421F8C-E4F1-4EA1-B9F1-32DC0C969358}.Debug|x86.Build.0 = Debug|Win32
		{71421F8C-E4F1-4EA1-B9F1-32DC0C969358}.Release|arm64.ActiveCfg = Release|arm64
		{71421F8C-E4F1-4EA1-B9F1-32DC0C969358}.Release|arm64.Build.0 = Release|arm64
		{71421F8C-E4F1-4EA1-B9F1-32DC0C969358}.Release|x64.ActiveCfg = Release|x64
		{71421F8C-E4F1-4EA1-B9F1-32DC0C969358}.Release|x64.Build.0 = Release|x64
		{71421F8C-E4F1-4EA1-B9F1-32DC0C969358}.Release|x86.ActiveCfg = Release|Win32
		{71421F8C-E4F1-4EA1-B9F1-32DC0C969358}.Release|x86.Build.0 = Release|Win32
		{273D686F-589A-4445-BF30-C2C1BDA4D663}.Debug|arm64.ActiveCfg = Debug|arm64
		{273D686F-589A-4445-BF30-C2C1BDA4D663}.Debug|arm64.Build.0 = Debug|arm64
		{273D686F-589A-4445-BF30-C2C1BDA4D663}.Debug|x64.ActiveCfg = Debug|x64
		{273D686F-589A-4445-BF30-C2C1BDA4D663}.Debug|x64.Build.0 = Debug|x64
		{273D686F-589A-4445-BF30-C2C1BDA4D663}.Debug|x86.ActiveCfg = Debug|Win32
		{273D686F-589A-4445-BF30-C2C1BDA4D663}.Debug|x86.Build.0 = Debug|Win32
		{273D686F-589A-4445-BF30-C2C1BDA4D663}.Release|arm64.ActiveCfg = Release|arm64
		{273D686F-589A-4445-BF30-C2C1BDA4D663}.Release|arm64.Build.0 = Release|arm64
		{273D686F-589A-4445-BF30-C2C1BDA4D663}.Release|x64.ActiveCfg = Release|x64
		{273D686F-589A-4445-BF30-C2C1BDA4D663}.Release|x64.Build.0 = Release|x64
		{273D686F-589A-4445-BF30-C2C1BDA4D663}.Release|x86.ActiveCfg = Release|Win32
		{273D686F-589A-4445-BF30-C2C1BDA4D663}.Release|x86.Build.0 = Release|Win32
		{E40629A5-FA19-47B3-B834-F7336BDAE612}.Debug|arm64.ActiveCfg = Debug|arm64
		{E40629A5-FA19-47B3-B834-F7336BDAE612}.Debug|arm64.Build.0 = Debug|arm64
		{E40629A5-FA19-47B3-B834-F7336BDAE612}.Debug|x64.ActiveCfg = Debug|x64
		{E40629A5-FA19-47B3-B834-F7336BDAE612}.Debug|x64.Build.0 = Debug|x64
		{E40629A5-FA19-47B3-B834-F7336BDAE612}.Debug|x86.ActiveCfg = Debug|Win32
		{E40629A5-FA19-47B3-B834-F7336BDAE612}.Debug|x86.Build.0 = Debug|Win32
		{E40629A5-FA19-47B3-B834-F7336BDAE612}.Release|arm64.ActiveCfg = Release|arm64
		{E40629A5-FA19-47B3-B834-F7336BDAE612}.Release|arm64.Build.0 = Release|arm64
		{E40629A5-FA19-47B3-B834-F7336BDAE612}.Release|x64.ActiveCfg = Release|x64
		{E40629A5-FA19-47B3-B834-F7336BDAE612}.Release|x64.Build.0 = Release|x64
		{E40629A5-FA19-47B3-B834-F7336BDAE612}.Release|x86.ActiveCfg = Release|Win32
		{E40629A5-FA19-47B3-B834-F7336BDAE612}.Release|x86.Build.0 = Release|Win32
		{EFB91E92-31A1-4863-A2B4-45868A8D5CBA}.Debug|arm64.ActiveCfg = Debug|arm64
		{EFB91E92-31A1-4863-A2B4-45868A8D5CBA}.Debug|arm64.Build.0 = Debug|arm64
		{EFB91E92-31A1-4863-A2B4-45868A8D5CBA}.Debug|x64.ActiveCfg = Debug|x64
		{EFB91E92-31A1-4863-A2B4-45868A8D5CBA}.Debug|x64.Build.0 = Debug|x64
		{EFB91E92-31A1-4863-A2B4-45868A8D5CBA}.Debug|x86.ActiveCfg = Debug|Win32
		{EFB91E92-31A1-4863-A2B4-45868A8D5CBA}.Debug|x86.Build.0 = Debug|Win32
		{EFB91E92-31A1-4863-A2B4-45868A8D5CBA}.Release|arm64.ActiveCfg = Release|arm64
		{EFB91E92-31A1-4863-A2B4-45868A8D5CBA}.Release|arm64.Build.0 = Release|arm64
		{EFB91E92-31A1-4863-A2B4-45868A8D5CBA}.Release|x64.ActiveCfg = Release|x64
		{EFB91E92-31A1-4863-A2B4-45868A8D5CBA}.Release|x64.Build.0 = Release|x64
		{EFB91E92-31A1-4863-A2B4-45868A8D5CBA}.Release|x86.ActiveCfg = Release|Win32
		{EFB91E92-31A1-4863-A2B4-45868A8D5CBA}.Release|x86.Build.0 = Release|Win32
		{E31E5F00-0390-4E30-BDF7-A96620C91078}.Debug|arm64.ActiveCfg = Debug|arm64
		{E31E5F00-0390-4E30-BDF7-A96620C91078}.Debug|arm64.Build.0 = Debug|arm64
		{E31E5F00-0390-4E30-BDF7-A96620C91078}.Debug|x64.ActiveCfg = Debug|x64
		{E31E5F00-0390-4E30-BDF7-A96620C91078}.Debug|x64.Build.0 = Debug|x64
		{E31E5F00-0390-4E30-BDF7-A96620C91078}.Debug|x86.ActiveCfg = Debug|Win32
		{E31E5F00-0390-4E30-BDF7-A96620C91078}.Debug|x86.Build.0 = Debug|Win32
		{E31E5F00-0390-4E30-BDF7-A96620C91078}.Release|arm64.ActiveCfg = Release|arm64
		{E31E5F00-0390-4E30-BDF7-A96620C91078}.Release|arm64.Build.0 = Release|arm64
		{E31E5F00-0390-4E30-BDF7-A96620C91078}.Release|x64.ActiveCfg = Release|x64
		{E31E5F00-0390-4E30-BDF7-A96620C91078}.Release|x64.Build.0 = Release|x64
		{E31E5F00-0390-4E30-BDF7-A96620C91078}.Release|x86.ActiveCfg = Release|Win32
		{E31E5F00-0390-4E30-BDF7-A96620C91078}.Release|x86.Build.0 = Release|Win32
		{66CC3679-67B0-4866-8ADE-13053BB5E125}.Debug|arm64.ActiveCfg = Debug|arm64
		{66CC3679-67B0-4866-8ADE-13053BB5E125}.Debug|arm64.Build.0 = Debug|arm64
		{66CC3679-67B0-4866-8ADE-13053BB5E125}.Debug|x64.ActiveCfg = Debug|x64
		{66CC3679-67B0-4866-8ADE-13053BB5E125}.Debug|x64.Build.0 = Debug|x64
		{66CC3679-67B0-4866-8ADE-13053BB5E125}.Debug|x86.ActiveCfg = Debug|Win32
		{66CC3679-67B0-4866-8ADE-13053BB5E125}.Debug|x86.Build.0 = Debug|Win32
		{66CC3679-67B0-4866-8ADE-13053BB5E125}.Release|arm64.ActiveCfg = Release|arm64
		{66CC3679-67B0-4866-8ADE-13053BB5E125}.Release|arm64.Build.0 = Release|arm64
		{66CC3679-67B0-4866-8ADE-13053BB5E125}.Release|x64.ActiveCfg = Release|x64
		{66CC3679-67B0-4866-8ADE-13053BB5E125}.Release|x64.Build.0 = Release|x64
		{66CC3679-67B0-4866-8ADE-13053BB5E125}.Release|x86.ActiveCfg = Release|Win32
		{66CC3679-67B0-4866-8ADE-13053BB5E125}.Release|x86.Build.0 = Release|Win32
		{6C79AAA6-394F-4D64-B555-26CE69F3193D}.Debug|arm64.ActiveCfg = Debug|arm64
		{6C79AAA6-394F-4D64-B555-26CE69F3193D}.Debug|arm64.Build.0 = Debug|arm64
		{6C79AAA6-394F-4D64-B555-26CE69F3193D}.Debug|arm64.Deploy.0 = Debug|arm64
		{6C79AAA6-394F-4D64-B555-26CE69F3193D}.Debug|x64.ActiveCfg = Debug|x64
		{6C79AAA6-394F-4D64-B555-26CE69F3193D}.Debug|x64.Build.0 = Debug|x64
		{6C79AAA6-394F-4D64-B555-26CE69F3193D}.Debug|x64.Deploy.0 = Debug|x64
		{6C79AAA6-394F-4D64-B555-26CE69F3193D}.Debug|x86.ActiveCfg = Debug|Win32
		{6C79AAA6-394F-4D64-B555-26CE69F3193D}.Debug|x86.Build.0 = Debug|Win32
		{6C79AAA6-394F-4D64-B555-26CE69F3193D}.Debug|x86.Deploy.0 = Debug|Win32
		{6C79AAA6-394F-4D64-B555-26CE69F3193D}.Release|arm64.ActiveCfg = Release|arm64
		{6C79AAA6-394F-4D64-B555-26CE69F3193D}.Release|arm64.Build.0 = Release|arm64
		{6C79AAA6-394F-4D64-B555-26CE69F3193D}.Release|arm64.Deploy.0 = Release|arm64
		{6C79AAA6-394F-4D64-B555-26CE69F3193D}.Release|x64.ActiveCfg = Release|x64
		{6C79AAA6-394F-4D64-B555-26CE69F3193D}.Release|x64.Build.0 = Release|x64
		{6C79AAA6-394F-4D64-B555-26CE69F3193D}.Release|x64.Deploy.0 = Release|x64
		{6C79AAA6-394F-4D64-B555-26CE69F3193D}.Release|x86.ActiveCfg = Release|Win32
		{6C79AAA6-394F-4D64-B555-26CE69F3193D}.Release|x86.Build.0 = Release|Win32
		{6C79AAA6-394F-4D64-B555-26CE69F3193D}.Release|x86.Deploy.0 = Release|Win32
		{77481A13-A50A-472B-9E24-DEB6719DB655}.Debug|arm64.ActiveCfg = Debug|arm64
		{77481A13-A50A-472B-9E24-DEB6719DB655}.Debug|arm64.Build.0 = Debug|arm64
		{77481A13-A50A-472B-9E24-DEB6719DB655}.Debug|arm64.Deploy.0 = Debug|arm64
		{77481A13-A50A-472B-9E24-DEB6719DB655}.Debug|x64.ActiveCfg = Debug|x64
		{77481A13-A50A-472B-9E24-DEB6719DB655}.Debug|x64.Build.0 = Debug|x64
		{77481A13-A50A-472B-9E24-DEB6719DB655}.Debug|x64.Deploy.0 = Debug|x64
		{77481A13-A50A-472B-9E24-DEB6719DB655}.Debug|x86.ActiveCfg = Debug|Win32
		{77481A13-A50A-472B-9E24-DEB6719DB655}.Debug|x86.Build.0 = Debug|Win32
		{77481A13-A50A-472B-9E24-DEB6719DB655}.Debug|x86.Deploy.0 = Debug|Win32
		{77481A13-A50A-472B-9E24-DEB6719DB655}.Release|arm64.ActiveCfg = Release|arm64
		{77481A13-A50A-472B-9E24-DEB6719DB655}.Release|arm64.Build.0 = Release|arm64
		{77481A13-A50A-472B-9E24-DEB6719DB655}.Release|arm64.Deploy.0 = Release|arm64
		{77481A13-A50A-472B-9E24-DEB6719DB655}.Release|x64.ActiveCfg = Release|x64
		{77481A13-A50A-472B-9E24-DEB6719DB655}.Release|x64.Build.0 = Release|x64
		{77481A13-A50A-472B-9E24-DEB6719DB655}.Release|x64.Deploy.0 = Release|x64
		{77481A13-A50A-472B-9E24-DEB6719DB655}.Release|x86.ActiveCfg = Release|Win32
		{77481A13-A50A-472B-9E24-DEB6719DB655}.Release|x86.Build.0 = Release|Win32
		{77481A13-A50A-472B-9E24-DEB6719DB655}.Release|x86.Deploy.0 = Release|Win32
		{90CC9142-6933-42E4-839A-5F5FCE6CBC6E}.Debug|arm64.ActiveCfg = Debug|arm64
		{90CC9142-6933-42E4-839A-5F5FCE6CBC6E}.Debug|arm64.Build.0 = Debug|arm64
		{90CC9142-6933-42E4-839A-5F5FCE6CBC6E}.Debug|arm64.Deploy.0 = Debug|arm64
		{90CC9142-6933-42E4-839A-5F5FCE6CBC6E}.Debug|x64.ActiveCfg = Debug|x64
		{90CC9142-6933-42E4-839A-5F5FCE6CBC6E}.Debug|x64.Build.0 = Debug|x64
		{90CC9142-6933-42E4-839A-5F5FCE6CBC6E}.Debug|x64.Deploy.0 = Debug|x64
		{90CC9142-6933-42E4-839A-5F5FCE6CBC6E}.Debug|x86.ActiveCfg = Debug|Win32
		{90CC9142-6933-42E4-839A-5F5FCE6CBC6E}.Debug|x86.Build.0 = Debug|Win32
		{90CC9142-6933-42E4-839A-5F5FCE6CBC6E}.Debug|x86.Deploy.0 = Debug|Win32
		{90CC9142-6933-42E4-839A-5F5FCE6CBC6E}.Release|arm64.ActiveCfg = Release|arm64
		{90CC9142-6933-42E4-839A-5F5FCE6CBC6E}.Release|arm64.Build.0 = Release|arm64
		{90CC9142-6933-42E4-839A-5F5FCE6CBC6E}.Release|arm64.Deploy.0 = Release|arm64
		{90CC9142-6933-42E4-839A-5F5FCE6CBC6E}.Release|x64.ActiveCfg = Release|x64
		{90CC9142-6933-42E4-839A-5F5FCE6CBC6E}.Release|x64.Build.0 = Release|x64
		{90CC9142-6933-42E4-839A-5F5FCE6CBC6E}.Release|x64.Deploy.0 = Release|x64
		{90CC9142-6933-42E4-839A-5F5FCE6CBC6E}.Release|x86.ActiveCfg = Release|Win32
		{90CC9142-6933-42E4-839A-5F5FCE6CBC6E}.Release|x86.Build.0 = Release|Win32
		{90CC9142-6933-42E4-839A-5F5FCE6CBC6E}.Release|x86.Deploy.0 = Release|Win32
		{8EC79C7E-96E4-4E49-8E29-98CD09055CA0}.Debug|arm64.ActiveCfg = Debug|arm64
		{8EC79C7E-96E4-4E49-8E29-98CD09055CA0}.Debug|arm64.Build.0 = Debug|arm64
		{8EC79C7E-96E4-4E49-8E29-98CD09055CA0}.Debug|arm64.Deploy.0 = Debug|arm64
		{8EC79C7E-96E4-4E49-8E29-98CD09055CA0}.Debug|x64.ActiveCfg = Debug|x64
		{8EC79C7E-96E4-4E49-8E29-98CD09055CA0}.Debug|x64.Build.0 = Debug|x64
		{8EC79C7E-96E4-4E49-8E29-98CD09055CA0}.Debug|x64.Deploy.0 = Debug|x64
		{8EC79C7E-96E4-4E49-8E29-98CD09055CA0}.Debug|x86.ActiveCfg = Debug|Win32
		{8EC79C7E-96E4-4E49-8E29-98CD09055CA0}.Debug|x86.Build.0 = Debug|Win32
		{8EC79C7E-96E4-4E49-8E29-98CD09055CA0}.Debug|x86.Deploy.0 = Debug|Win32
		{8EC79C7E-96E4-4E49-8E29-98CD09055CA0}.Release|arm64.ActiveCfg = Release|arm64
		{8EC79C7E-96E4-4E49-8E29-98CD09055CA0}.Release|arm64.Build.0 = Release|arm64
		{8EC79C7E-96E4-4E49-8E29-98CD09055CA0}.Release|arm64.Deploy.0 = Release|arm64
		{8EC79C7E-96E4-4E49-8E29-98CD09055CA0}.Release|x64.ActiveCfg = Release|x64
		{8EC79C7E-96E4-4E49-8E29-98CD09055CA0}.Release|x64.Build.0 = Release|x64
		{8EC79C7E-96E4-4E49-8E29-98CD09055CA0}.Release|x64.Deploy.0 = Release|x64
		{8EC79C7E-96E4-4E49-8E29-98CD09055CA0}.Release|x86.ActiveCfg = Release|Win32
		{8EC79C7E-96E4-4E49-8E29-98CD09055CA0}.Release|x86.Build.0 = Release|Win32
		{8EC79C7E-96E4-4E49-8E29-98CD09055CA0}.Release|x86.Deploy.0 = Release|Win32
		{49EA4E79-73FB-4392-B9A7-1245D99A411B}.Debug|arm64.ActiveCfg = Debug|arm64
		{49EA4E79-73FB-4392-B9A7-1245D99A411B}.Debug|arm64.Build.0 = Debug|arm64
		{49EA4E79-73FB-4392-B9A7-1245D99A411B}.Debug|x64.ActiveCfg = Debug|x64
		{49EA4E79-73FB-4392-B9A7-1245D99A411B}.Debug|x64.Build.0 = Debug|x64
		{49EA4E79-73FB-4392-B9A7-1245D99A411B}.Debug|x86.ActiveCfg = Debug|Win32
		{49EA4E79-73FB-4392-B9A7-1245D99A411B}.Debug|x86.Build.0 = Debug|Win32
		{49EA4E79-73FB-4392-B9A7-1245D99A411B}.Release|arm64.ActiveCfg = Release|arm64
		{49EA4E79-73FB-4392-B9A7-1245D99A411B}.Release|arm64.Build.0 = Release|arm64
		{49EA4E79-73FB-4392-B9A7-1245D99A411B}.Release|x64.ActiveCfg = Release|x64
		{49EA4E79-73FB-4392-B9A7-1245D99A411B}.Release|x64.Build.0 = Release|x64
		{49EA4E79-73FB-4392-B9A7-1245D99A411B}.Release|x86.ActiveCfg = Release|Win32
		{49EA4E79-73FB-4392-B9A7-1245D99A411B}.Release|x86.Build.0 = Release|Win32
		{B636E8D5-FE54-4151-9E03-7B502A64286E}.Debug|arm64.ActiveCfg = Debug|arm64
		{B636E8D5-FE54-4151-9E03-7B502A64286E}.Debug|arm64.Build.0 = Debug|arm64
		{B636E8D5-FE54-4151-9E03-7B502A64286E}.Debug|x64.ActiveCfg = Debug|x64
		{B636E8D5-FE54-4151-9E03-7B502A64286E}.Debug|x64.Build.0 = Debug|x64
		{B636E8D5-FE54-4151-9E03-7B502A64286E}.Debug|x86.ActiveCfg = Debug|Win32
		{B636E8D5-FE54-4151-9E03-7B502A64286E}.Debug|x86.Build.0 = Debug|Win32
		{B636E8D5-FE54-4151-9E03-7B502A64286E}.Release|arm64.ActiveCfg = Release|arm64
		{B636E8D5-FE54-4151-9E03-7B502A64286E}.Release|arm64.Build.0 = Release|arm64
		{B636E8D5-FE54-4151-9E03-7B502A64286E}.Release|x64.ActiveCfg = Release|x64
		{B636E8D5-FE54-4151-9E03-7B502A64286E}.Release|x64.Build.0 = Release|x64
		{B636E8D5-FE54-4151-9E03-7B502A64286E}.Release|x86.ActiveCfg = Release|Win32
		{B636E8D5-FE54-4151-9E03-7B502A64286E}.Release|x86.Build.0 = Release|Win32
	EndGlobalSection
	GlobalSection(SolutionProperties) = preSolution
		HideSolutionNode = FALSE
	EndGlobalSection
	GlobalSection(ExtensibilityGlobals) = postSolution
		SolutionGuid = {198D4BCA-E788-4606-88E3-AE1A207DF2B5}
	EndGlobalSection
EndGlobal
