<?xml version="1.0" encoding="utf-8"?>
<Project ToolsVersion="15.0" xmlns="http://schemas.microsoft.com/developer/msbuild/2003">
  <ItemGroup>
    <Filter Include="Resources">
      <UniqueIdentifier>accd3aa8-1ba0-4223-9bbe-0c431709210b</UniqueIdentifier>
      <Extensions>rc;ico;cur;bmp;dlg;rc2;rct;bin;rgs;gif;jpg;jpeg;jpe;resx;tga;tiff;tif;png;wav;mfcribbon-ms</Extensions>
    </Filter>
    <Filter Include="Generated Files">
      <UniqueIdentifier>{926ab91d-31b4-48c3-b9a4-e681349f27f0}</UniqueIdentifier>
    </Filter>
    <Filter Include="Runtime Classes">
      <UniqueIdentifier>{94e3fd3f-c774-4a8f-be1f-137172de0197}</UniqueIdentifier>
    </Filter>
    <Filter Include="Project">
      <UniqueIdentifier>{c3b86960-ccf1-4d2a-90f9-1c7a36747086}</UniqueIdentifier>
    </Filter>
  </ItemGroup>
  <ItemGroup>
    <ClCompile Include="$(GeneratedFilesDir)module.g.cpp">
      <Filter>Project</Filter>
    </ClCompile>
    <ClCompile Include="pch.cpp">
      <Filter>Project</Filter>
    </ClCompile>
    <ClCompile Include="DHV3DHeader.cpp">
      <Filter>Runtime Classes</Filter>
    </ClCompile>
  </ItemGroup>
  <ItemGroup>
    <Midl Include="HV3DHeader.idl">
      <Filter>Runtime Classes</Filter>
    </Midl>
  </ItemGroup>
  <ItemGroup>
    <None Include="HV3DHEADER.def">
      <Filter>Project</Filter>
    </None>
    <None Include="packages.config">
      <Filter>Project</Filter>
    </None>
    <None Include="PropertySheet.props">
      <Filter>Project</Filter>
    </None>
  </ItemGroup>
  <ItemGroup>
    <ClInclude Include="pch.h">
      <Filter>Project</Filter>
    </ClInclude>
    <ClInclude Include="DHV3DHeader.h">
      <Filter>Runtime Classes</Filter>
    </ClInclude>
  </ItemGroup>
</Project>